
Microsoft Visual Studio Solution File, Format Version 12.00
# Visual Studio 15
VisualStudioVersion = 15.0.28010.2046
MinimumVisualStudioVersion = 10.0.40219.1
Project("{2150E333-8FDC-42A3-9474-1A3956D46DE8}") = "ASP.NETCore", "ASP.NETCore", "{F04BEE5C-C111-4B2E-A808-6141C302DC4E}"
EndProject
Project("{2150E333-8FDC-42A3-9474-1A3956D46DE8}") = "Middlewares", "Middlewares", "{A77A1E4D-ABBC-4298-B8F2-191B191A89AF}"
	ProjectSection(SolutionItems) = preProject
		ASP.NETCore\Middlewares\MiddlewareFile.txt = ASP.NETCore\Middlewares\MiddlewareFile.txt
	EndProjectSection
EndProject
Project("{9A19103F-16F7-4668-BE54-9A1E7A4F7556}") = "WebAPI.Middleware", "ASP.NETCore\Middlewares\WebAPI.Middleware\WebAPI.Middleware.csproj", "{2BD4BB56-0CA4-4E58-A0EC-4FA265259E94}"
EndProject
Project("{9A19103F-16F7-4668-BE54-9A1E7A4F7556}") = "Token.Middleware", "ASP.NETCore\Middlewares\Token.Middleware\Token.Middleware.csproj", "{74F59C73-935B-4378-B488-D5103519CEC0}"
EndProject
Project("{2150E333-8FDC-42A3-9474-1A3956D46DE8}") = "JwtBearer", "JwtBearer", "{B672AD47-7CA2-4ABD-B04C-02923A80CBCE}"
	ProjectSection(SolutionItems) = preProject
		ASP.NETCore\JwtBearer\JwtBeare.txt = ASP.NETCore\JwtBearer\JwtBeare.txt
	EndProjectSection
EndProject
Project("{9A19103F-16F7-4668-BE54-9A1E7A4F7556}") = "WebAPI.JwtBearer", "ASP.NETCore\JwtBearer\WebAPI.JwtBearer\WebAPI.JwtBearer.csproj", "{F330B9A6-99C4-46A0-A2AA-C459806FF014}"
EndProject
Project("{9A19103F-16F7-4668-BE54-9A1E7A4F7556}") = "Mvc.JwtBearer", "ASP.NETCore\JwtBearer\Mvc.JwtBearer\Mvc.JwtBearer.csproj", "{50A1ED99-5859-499F-BC00-49650A1EDF40}"
EndProject
Project("{2150E333-8FDC-42A3-9474-1A3956D46DE8}") = "Projects", "Projects", "{CB4F4CE4-7C7D-4E6D-8568-6110CAF525D8}"
EndProject
Project("{9A19103F-16F7-4668-BE54-9A1E7A4F7556}") = "Project.WebAPI", "ASP.NETCore\Projects\Project.WebAPI\Project.WebAPI.csproj", "{EA5A2B24-D8EF-479C-801D-0C94765AE397}"
EndProject
Project("{9A19103F-16F7-4668-BE54-9A1E7A4F7556}") = "Project.MVC", "ASP.NETCore\Projects\Project.MVC\Project.MVC.csproj", "{38A3A45C-1DF7-417A-999C-28B47785A3F9}"
EndProject
Project("{2150E333-8FDC-42A3-9474-1A3956D46DE8}") = "Reports", "Reports", "{40783483-5B41-49BD-90C9-9768088ADFA5}"
EndProject
Project("{9A19103F-16F7-4668-BE54-9A1E7A4F7556}") = "Report.RDLReference", "ASP.NETCore\Reports\Report.RDLReference\Report.RDLReference.csproj", "{8971E28F-935E-4C8E-9056-0A42E6F10324}"
EndProject
Project("{2150E333-8FDC-42A3-9474-1A3956D46DE8}") = "RabbitMQ", "RabbitMQ", "{526FA368-2F42-4E47-A32D-23E803C93981}"
EndProject
Project("{FAE04EC0-301F-11D3-BF4B-00C04F79EFBC}") = "ConsoleRabbitMQ.Send", "ASP.NETCore\RabbitMQ\ConsoleRabbitMQ.Send\ConsoleRabbitMQ.Send.csproj", "{EDC35DA1-6887-4BE4-8C4F-9F320FE3A85F}"
EndProject
Project("{FAE04EC0-301F-11D3-BF4B-00C04F79EFBC}") = "ConsoleRabbitMQ.Receive", "ASP.NETCore\RabbitMQ\ConsoleRabbitMQ.Receive\ConsoleRabbitMQ.Receive.csproj", "{E83F5CE8-3A9A-4A9A-B057-499B3C30AF08}"
EndProject
Project("{FAE04EC0-301F-11D3-BF4B-00C04F79EFBC}") = "ConsoleRabbitMQ.Pulish", "ASP.NETCore\RabbitMQ\ConsoleRabbitMQ.Pulish\ConsoleRabbitMQ.Pulish.csproj", "{D48216FA-E8F7-4F63-BF45-FE27B53CE226}"
EndProject
Project("{FAE04EC0-301F-11D3-BF4B-00C04F79EFBC}") = "ConsoleRabbitMQ.Subscribe", "ASP.NETCore\RabbitMQ\ConsoleRabbitMQ.Subscribe\ConsoleRabbitMQ.Subscribe.csproj", "{C4685482-79C8-4781-92B3-8C8D46845356}"
EndProject
Project("{FAE04EC0-301F-11D3-BF4B-00C04F79EFBC}") = "InSight.CustomService", "ASP.NETCore\Projects\InSight.CustomService\InSight.CustomService.csproj", "{93D3A3A7-3879-423E-83E2-FEDE3DB6DE98}"
EndProject
Project("{2150E333-8FDC-42A3-9474-1A3956D46DE8}") = "WindowsServices", "WindowsServices", "{CF3DB680-A24A-482B-B50C-F3F1146C88CA}"
EndProject
Project("{FAE04EC0-301F-11D3-BF4B-00C04F79EFBC}") = "WindowsService.Message", "ASP.NETCore\WindowsServices\WindowsService.Message\WindowsService.Message.csproj", "{1467E307-1ED0-4C54-B5D1-74BE46A163B6}"
EndProject
Project("{FAE04EC0-301F-11D3-BF4B-00C04F79EFBC}") = "WindowsConsole.Message", "ASP.NETCore\WindowsServices\WindowsConsole.Message\WindowsConsole.Message.csproj", "{24EC659F-05A4-4C3F-97ED-C066A915F072}"
EndProject
Global
	GlobalSection(SolutionConfigurationPlatforms) = preSolution
		Debug|Any CPU = Debug|Any CPU
		Release|Any CPU = Release|Any CPU
	EndGlobalSection
	GlobalSection(ProjectConfigurationPlatforms) = postSolution
		{2BD4BB56-0CA4-4E58-A0EC-4FA265259E94}.Debug|Any CPU.ActiveCfg = Debug|Any CPU
		{2BD4BB56-0CA4-4E58-A0EC-4FA265259E94}.Debug|Any CPU.Build.0 = Debug|Any CPU
		{2BD4BB56-0CA4-4E58-A0EC-4FA265259E94}.Release|Any CPU.ActiveCfg = Release|Any CPU
		{2BD4BB56-0CA4-4E58-A0EC-4FA265259E94}.Release|Any CPU.Build.0 = Release|Any CPU
		{74F59C73-935B-4378-B488-D5103519CEC0}.Debug|Any CPU.ActiveCfg = Debug|Any CPU
		{74F59C73-935B-4378-B488-D5103519CEC0}.Debug|Any CPU.Build.0 = Debug|Any CPU
		{74F59C73-935B-4378-B488-D5103519CEC0}.Release|Any CPU.ActiveCfg = Release|Any CPU
		{74F59C73-935B-4378-B488-D5103519CEC0}.Release|Any CPU.Build.0 = Release|Any CPU
		{F330B9A6-99C4-46A0-A2AA-C459806FF014}.Debug|Any CPU.ActiveCfg = Debug|Any CPU
		{F330B9A6-99C4-46A0-A2AA-C459806FF014}.Debug|Any CPU.Build.0 = Debug|Any CPU
		{F330B9A6-99C4-46A0-A2AA-C459806FF014}.Release|Any CPU.ActiveCfg = Release|Any CPU
		{F330B9A6-99C4-46A0-A2AA-C459806FF014}.Release|Any CPU.Build.0 = Release|Any CPU
		{50A1ED99-5859-499F-BC00-49650A1EDF40}.Debug|Any CPU.ActiveCfg = Debug|Any CPU
		{50A1ED99-5859-499F-BC00-49650A1EDF40}.Debug|Any CPU.Build.0 = Debug|Any CPU
		{50A1ED99-5859-499F-BC00-49650A1EDF40}.Release|Any CPU.ActiveCfg = Release|Any CPU
		{50A1ED99-5859-499F-BC00-49650A1EDF40}.Release|Any CPU.Build.0 = Release|Any CPU
		{EA5A2B24-D8EF-479C-801D-0C94765AE397}.Debug|Any CPU.ActiveCfg = Debug|Any CPU
		{EA5A2B24-D8EF-479C-801D-0C94765AE397}.Debug|Any CPU.Build.0 = Debug|Any CPU
		{EA5A2B24-D8EF-479C-801D-0C94765AE397}.Release|Any CPU.ActiveCfg = Release|Any CPU
		{EA5A2B24-D8EF-479C-801D-0C94765AE397}.Release|Any CPU.Build.0 = Release|Any CPU
		{38A3A45C-1DF7-417A-999C-28B47785A3F9}.Debug|Any CPU.ActiveCfg = Debug|Any CPU
		{38A3A45C-1DF7-417A-999C-28B47785A3F9}.Debug|Any CPU.Build.0 = Debug|Any CPU
		{38A3A45C-1DF7-417A-999C-28B47785A3F9}.Release|Any CPU.ActiveCfg = Release|Any CPU
		{38A3A45C-1DF7-417A-999C-28B47785A3F9}.Release|Any CPU.Build.0 = Release|Any CPU
		{8971E28F-935E-4C8E-9056-0A42E6F10324}.Debug|Any CPU.ActiveCfg = Debug|Any CPU
		{8971E28F-935E-4C8E-9056-0A42E6F10324}.Debug|Any CPU.Build.0 = Debug|Any CPU
		{8971E28F-935E-4C8E-9056-0A42E6F10324}.Release|Any CPU.ActiveCfg = Release|Any CPU
		{8971E28F-935E-4C8E-9056-0A42E6F10324}.Release|Any CPU.Build.0 = Release|Any CPU
		{EDC35DA1-6887-4BE4-8C4F-9F320FE3A85F}.Debug|Any CPU.ActiveCfg = Debug|Any CPU
		{EDC35DA1-6887-4BE4-8C4F-9F320FE3A85F}.Debug|Any CPU.Build.0 = Debug|Any CPU
		{EDC35DA1-6887-4BE4-8C4F-9F320FE3A85F}.Release|Any CPU.ActiveCfg = Release|Any CPU
		{EDC35DA1-6887-4BE4-8C4F-9F320FE3A85F}.Release|Any CPU.Build.0 = Release|Any CPU
		{E83F5CE8-3A9A-4A9A-B057-499B3C30AF08}.Debug|Any CPU.ActiveCfg = Debug|Any CPU
		{E83F5CE8-3A9A-4A9A-B057-499B3C30AF08}.Debug|Any CPU.Build.0 = Debug|Any CPU
		{E83F5CE8-3A9A-4A9A-B057-499B3C30AF08}.Release|Any CPU.ActiveCfg = Release|Any CPU
		{E83F5CE8-3A9A-4A9A-B057-499B3C30AF08}.Release|Any CPU.Build.0 = Release|Any CPU
		{D48216FA-E8F7-4F63-BF45-FE27B53CE226}.Debug|Any CPU.ActiveCfg = Debug|Any CPU
		{D48216FA-E8F7-4F63-BF45-FE27B53CE226}.Debug|Any CPU.Build.0 = Debug|Any CPU
		{D48216FA-E8F7-4F63-BF45-FE27B53CE226}.Release|Any CPU.ActiveCfg = Release|Any CPU
		{D48216FA-E8F7-4F63-BF45-FE27B53CE226}.Release|Any CPU.Build.0 = Release|Any CPU
		{C4685482-79C8-4781-92B3-8C8D46845356}.Debug|Any CPU.ActiveCfg = Debug|Any CPU
		{C4685482-79C8-4781-92B3-8C8D46845356}.Debug|Any CPU.Build.0 = Debug|Any CPU
		{C4685482-79C8-4781-92B3-8C8D46845356}.Release|Any CPU.ActiveCfg = Release|Any CPU
		{C4685482-79C8-4781-92B3-8C8D46845356}.Release|Any CPU.Build.0 = Release|Any CPU
		{93D3A3A7-3879-423E-83E2-FEDE3DB6DE98}.Debug|Any CPU.ActiveCfg = Debug|Any CPU
		{93D3A3A7-3879-423E-83E2-FEDE3DB6DE98}.Debug|Any CPU.Build.0 = Debug|Any CPU
		{93D3A3A7-3879-423E-83E2-FEDE3DB6DE98}.Release|Any CPU.ActiveCfg = Release|Any CPU
		{93D3A3A7-3879-423E-83E2-FEDE3DB6DE98}.Release|Any CPU.Build.0 = Release|Any CPU
		{1467E307-1ED0-4C54-B5D1-74BE46A163B6}.Debug|Any CPU.ActiveCfg = Debug|Any CPU
		{1467E307-1ED0-4C54-B5D1-74BE46A163B6}.Debug|Any CPU.Build.0 = Debug|Any CPU
		{1467E307-1ED0-4C54-B5D1-74BE46A163B6}.Release|Any CPU.ActiveCfg = Release|Any CPU
		{1467E307-1ED0-4C54-B5D1-74BE46A163B6}.Release|Any CPU.Build.0 = Release|Any CPU
		{24EC659F-05A4-4C3F-97ED-C066A915F072}.Debug|Any CPU.ActiveCfg = Debug|Any CPU
		{24EC659F-05A4-4C3F-97ED-C066A915F072}.Debug|Any CPU.Build.0 = Debug|Any CPU
		{24EC659F-05A4-4C3F-97ED-C066A915F072}.Release|Any CPU.ActiveCfg = Release|Any CPU
		{24EC659F-05A4-4C3F-97ED-C066A915F072}.Release|Any CPU.Build.0 = Release|Any CPU
	EndGlobalSection
	GlobalSection(SolutionProperties) = preSolution
		HideSolutionNode = FALSE
	EndGlobalSection
	GlobalSection(NestedProjects) = preSolution
		{A77A1E4D-ABBC-4298-B8F2-191B191A89AF} = {F04BEE5C-C111-4B2E-A808-6141C302DC4E}
		{2BD4BB56-0CA4-4E58-A0EC-4FA265259E94} = {A77A1E4D-ABBC-4298-B8F2-191B191A89AF}
		{74F59C73-935B-4378-B488-D5103519CEC0} = {A77A1E4D-ABBC-4298-B8F2-191B191A89AF}
		{B672AD47-7CA2-4ABD-B04C-02923A80CBCE} = {F04BEE5C-C111-4B2E-A808-6141C302DC4E}
		{F330B9A6-99C4-46A0-A2AA-C459806FF014} = {B672AD47-7CA2-4ABD-B04C-02923A80CBCE}
		{50A1ED99-5859-499F-BC00-49650A1EDF40} = {B672AD47-7CA2-4ABD-B04C-02923A80CBCE}
		{CB4F4CE4-7C7D-4E6D-8568-6110CAF525D8} = {F04BEE5C-C111-4B2E-A808-6141C302DC4E}
		{EA5A2B24-D8EF-479C-801D-0C94765AE397} = {CB4F4CE4-7C7D-4E6D-8568-6110CAF525D8}
		{38A3A45C-1DF7-417A-999C-28B47785A3F9} = {CB4F4CE4-7C7D-4E6D-8568-6110CAF525D8}
		{40783483-5B41-49BD-90C9-9768088ADFA5} = {F04BEE5C-C111-4B2E-A808-6141C302DC4E}
		{8971E28F-935E-4C8E-9056-0A42E6F10324} = {40783483-5B41-49BD-90C9-9768088ADFA5}
		{526FA368-2F42-4E47-A32D-23E803C93981} = {F04BEE5C-C111-4B2E-A808-6141C302DC4E}
		{EDC35DA1-6887-4BE4-8C4F-9F320FE3A85F} = {526FA368-2F42-4E47-A32D-23E803C93981}
		{E83F5CE8-3A9A-4A9A-B057-499B3C30AF08} = {526FA368-2F42-4E47-A32D-23E803C93981}
		{D48216FA-E8F7-4F63-BF45-FE27B53CE226} = {526FA368-2F42-4E47-A32D-23E803C93981}
		{C4685482-79C8-4781-92B3-8C8D46845356} = {526FA368-2F42-4E47-A32D-23E803C93981}
		{93D3A3A7-3879-423E-83E2-FEDE3DB6DE98} = {CB4F4CE4-7C7D-4E6D-8568-6110CAF525D8}
		{CF3DB680-A24A-482B-B50C-F3F1146C88CA} = {F04BEE5C-C111-4B2E-A808-6141C302DC4E}
		{1467E307-1ED0-4C54-B5D1-74BE46A163B6} = {CF3DB680-A24A-482B-B50C-F3F1146C88CA}
		{24EC659F-05A4-4C3F-97ED-C066A915F072} = {CF3DB680-A24A-482B-B50C-F3F1146C88CA}
	EndGlobalSection
	GlobalSection(ExtensibilityGlobals) = postSolution
		SolutionGuid = {EC6570A5-E056-4A39-82A1-9DFF26980DBF}
	EndGlobalSection
EndGlobal
